{
  "name": "assets",
  "lockfileVersion": 3,
  "requires": true,
  "packages": {
    "": {
      "dependencies": {
        "@ryangjchandler/alpine-tooltip": "^1.3.0",
        "alpinejs": "^3.13.1"
      }
    },
    "node_modules/@ryangjchandler/alpine-tooltip": {
      "version": "1.3.0",
      "resolved": "https://registry.npmjs.org/@ryangjchandler/alpine-tooltip/-/alpine-tooltip-1.3.0.tgz",
      "integrity": "sha512-HCbKLgNgr4LgKTaVUn9b1iAoE6SiQClcAP+z3Bqq6sxebYjcldVrWH1lKZSKA57mr1McVa2h9pAZHEMb8F+dbQ=="
    },
    "node_modules/@vue/reactivity": {
      "version": "3.1.5",
      "resolved": "https://registry.npmjs.org/@vue/reactivity/-/reactivity-3.1.5.tgz",
      "integrity": "sha512-1tdfLmNjWG6t/CsPldh+foumYFo3cpyCHgBYQ34ylaMsJ+SNHQ1kApMIa8jN+i593zQuaw3AdWH0nJTARzCFhg==",
      "license": "MIT",
      "dependencies": {
        "@vue/shared": "3.1.5"
      }
    },
    "node_modules/@vue/shared": {
      "version": "3.1.5",
      "resolved": "https://registry.npmjs.org/@vue/shared/-/shared-3.1.5.tgz",
      "integrity": "sha512-oJ4F3TnvpXaQwZJNF3ZK+kLPHKarDmJjJ6jyzVNDKH9md1dptjC7lWR//jrGuLdek/U6iltWxqAnYOu8gCiOvA==",
      "license": "MIT"
    },
    "node_modules/alpinejs": {
      "version": "3.13.1",
      "resolved": "https://registry.npmjs.org/alpinejs/-/alpinejs-3.13.1.tgz",
      "integrity": "sha512-/LZ7mumW02V7AV5xTTftJFHS0I3KOXLl7tHm4xpxXAV+HJ/zjTT0n8MU7RZ6UoGPhmO/i+KEhQojaH/0RsH5tg==",
      "license": "MIT",
      "dependencies": {
        "@vue/reactivity": "~3.1.1"
      }
    }
  }
}
